
Microsoft Visual Studio Solution File, Format Version 12.00
# Visual Studio Version 16
VisualStudioVersion = 16.0.30523.141
MinimumVisualStudioVersion = 10.0.40219.1
Project("{2150E333-8FDC-42A3-9474-1A3956D46DE8}") = "task1", "task1", "{2794013B-80E7-4A5B-9198-9411AEF4BC2E}"
EndProject
Project("{2150E333-8FDC-42A3-9474-1A3956D46DE8}") = "task2", "task2", "{82B0A181-B664-4065-BE81-4620A12BAB7C}"
EndProject
Project("{FAE04EC0-301F-11D3-BF4B-00C04F79EFBC}") = "Implementation1", "task1\Implementation1\Implementation1.csproj", "{D345B919-8164-4109-8F1F-60FB45957A6E}"
EndProject
Project("{FAE04EC0-301F-11D3-BF4B-00C04F79EFBC}") = "Implementation2", "task2\Implementation2\Implementation2.csproj", "{D9B9D72E-7901-4CCA-BA27-0BA1937FE9DD}"
EndProject
Project("{FAE04EC0-301F-11D3-BF4B-00C04F79EFBC}") = "Interface2", "task2\Interface2\Interface2.csproj", "{635F016C-5C90-46A0-B63D-564DA12C537A}"
EndProject
Project("{FAE04EC0-301F-11D3-BF4B-00C04F79EFBC}") = "Interface1", "task1\Interface1\Interface1.csproj", "{4F6A091F-5D8A-4EF5-A1A1-097F82E21019}"
EndProject
Project("{2150E333-8FDC-42A3-9474-1A3956D46DE8}") = "loader", "loader", "{8E1E89E3-2E1C-4185-8F30-49D6B1E044C5}"
EndProject
Project("{FAE04EC0-301F-11D3-BF4B-00C04F79EFBC}") = "Interface", "loader\Interface\Interface.csproj", "{BE33B414-F16D-4C30-BD0C-37AE857CF1C2}"
EndProject
Project("{2150E333-8FDC-42A3-9474-1A3956D46DE8}") = "task6", "task6", "{5306AB48-5011-47B4-88A3-B4B7A0307250}"
EndProject
Project("{FAE04EC0-301F-11D3-BF4B-00C04F79EFBC}") = "Implementation6", "task6\Implementation6\Implementation6.csproj", "{4878943F-49EF-4860-AAE0-3E0287F7840D}"
EndProject
Project("{FAE04EC0-301F-11D3-BF4B-00C04F79EFBC}") = "Interface6", "task6\Interface6\Interface6.csproj", "{1012293B-1AAC-409B-9751-049CC1964872}"
EndProject
Project("{FAE04EC0-301F-11D3-BF4B-00C04F79EFBC}") = "Implementation8", "task7\Implementation7\Implementation8.csproj", "{5A220461-7368-45FC-B23C-81218E2BFC1B}"
EndProject
Project("{2150E333-8FDC-42A3-9474-1A3956D46DE8}") = "task8", "task8", "{3E95711A-AD9C-4F6B-851B-4129B15CD83B}"
EndProject
Project("{FAE04EC0-301F-11D3-BF4B-00C04F79EFBC}") = "Interface8", "Interface8\Interface8.csproj", "{F61C6896-3707-41B8-89C0-A3A4160AE6A7}"
EndProject
Global
	GlobalSection(SolutionConfigurationPlatforms) = preSolution
		Debug|Any CPU = Debug|Any CPU
		Release|Any CPU = Release|Any CPU
	EndGlobalSection
	GlobalSection(ProjectConfigurationPlatforms) = postSolution
		{D345B919-8164-4109-8F1F-60FB45957A6E}.Debug|Any CPU.ActiveCfg = Debug|Any CPU
		{D345B919-8164-4109-8F1F-60FB45957A6E}.Debug|Any CPU.Build.0 = Debug|Any CPU
		{D345B919-8164-4109-8F1F-60FB45957A6E}.Release|Any CPU.ActiveCfg = Release|Any CPU
		{D345B919-8164-4109-8F1F-60FB45957A6E}.Release|Any CPU.Build.0 = Release|Any CPU
		{D9B9D72E-7901-4CCA-BA27-0BA1937FE9DD}.Debug|Any CPU.ActiveCfg = Debug|Any CPU
		{D9B9D72E-7901-4CCA-BA27-0BA1937FE9DD}.Debug|Any CPU.Build.0 = Debug|Any CPU
		{D9B9D72E-7901-4CCA-BA27-0BA1937FE9DD}.Release|Any CPU.ActiveCfg = Release|Any CPU
		{D9B9D72E-7901-4CCA-BA27-0BA1937FE9DD}.Release|Any CPU.Build.0 = Release|Any CPU
		{635F016C-5C90-46A0-B63D-564DA12C537A}.Debug|Any CPU.ActiveCfg = Debug|Any CPU
		{635F016C-5C90-46A0-B63D-564DA12C537A}.Debug|Any CPU.Build.0 = Debug|Any CPU
		{635F016C-5C90-46A0-B63D-564DA12C537A}.Release|Any CPU.ActiveCfg = Release|Any CPU
		{635F016C-5C90-46A0-B63D-564DA12C537A}.Release|Any CPU.Build.0 = Release|Any CPU
		{4F6A091F-5D8A-4EF5-A1A1-097F82E21019}.Debug|Any CPU.ActiveCfg = Debug|Any CPU
		{4F6A091F-5D8A-4EF5-A1A1-097F82E21019}.Debug|Any CPU.Build.0 = Debug|Any CPU
		{4F6A091F-5D8A-4EF5-A1A1-097F82E21019}.Release|Any CPU.ActiveCfg = Release|Any CPU
		{4F6A091F-5D8A-4EF5-A1A1-097F82E21019}.Release|Any CPU.Build.0 = Release|Any CPU
		{BE33B414-F16D-4C30-BD0C-37AE857CF1C2}.Debug|Any CPU.ActiveCfg = Debug|Any CPU
		{BE33B414-F16D-4C30-BD0C-37AE857CF1C2}.Debug|Any CPU.Build.0 = Debug|Any CPU
		{BE33B414-F16D-4C30-BD0C-37AE857CF1C2}.Release|Any CPU.ActiveCfg = Release|Any CPU
		{BE33B414-F16D-4C30-BD0C-37AE857CF1C2}.Release|Any CPU.Build.0 = Release|Any CPU
		{4878943F-49EF-4860-AAE0-3E0287F7840D}.Debug|Any CPU.ActiveCfg = Debug|Any CPU
		{4878943F-49EF-4860-AAE0-3E0287F7840D}.Debug|Any CPU.Build.0 = Debug|Any CPU
		{4878943F-49EF-4860-AAE0-3E0287F7840D}.Release|Any CPU.ActiveCfg = Release|Any CPU
		{4878943F-49EF-4860-AAE0-3E0287F7840D}.Release|Any CPU.Build.0 = Release|Any CPU
		{1012293B-1AAC-409B-9751-049CC1964872}.Debug|Any CPU.ActiveCfg = Debug|Any CPU
		{1012293B-1AAC-409B-9751-049CC1964872}.Debug|Any CPU.Build.0 = Debug|Any CPU
		{1012293B-1AAC-409B-9751-049CC1964872}.Release|Any CPU.ActiveCfg = Release|Any CPU
		{1012293B-1AAC-409B-9751-049CC1964872}.Release|Any CPU.Build.0 = Release|Any CPU
		{5A220461-7368-45FC-B23C-81218E2BFC1B}.Debug|Any CPU.ActiveCfg = Debug|Any CPU
		{5A220461-7368-45FC-B23C-81218E2BFC1B}.Debug|Any CPU.Build.0 = Debug|Any CPU
		{5A220461-7368-45FC-B23C-81218E2BFC1B}.Release|Any CPU.ActiveCfg = Release|Any CPU
		{5A220461-7368-45FC-B23C-81218E2BFC1B}.Release|Any CPU.Build.0 = Release|Any CPU
		{F61C6896-3707-41B8-89C0-A3A4160AE6A7}.Debug|Any CPU.ActiveCfg = Debug|Any CPU
		{F61C6896-3707-41B8-89C0-A3A4160AE6A7}.Debug|Any CPU.Build.0 = Debug|Any CPU
		{F61C6896-3707-41B8-89C0-A3A4160AE6A7}.Release|Any CPU.ActiveCfg = Release|Any CPU
		{F61C6896-3707-41B8-89C0-A3A4160AE6A7}.Release|Any CPU.Build.0 = Release|Any CPU
	EndGlobalSection
	GlobalSection(SolutionProperties) = preSolution
		HideSolutionNode = FALSE
	EndGlobalSection
	GlobalSection(NestedProjects) = preSolution
		{D345B919-8164-4109-8F1F-60FB45957A6E} = {2794013B-80E7-4A5B-9198-9411AEF4BC2E}
		{D9B9D72E-7901-4CCA-BA27-0BA1937FE9DD} = {82B0A181-B664-4065-BE81-4620A12BAB7C}
		{635F016C-5C90-46A0-B63D-564DA12C537A} = {82B0A181-B664-4065-BE81-4620A12BAB7C}
		{4F6A091F-5D8A-4EF5-A1A1-097F82E21019} = {2794013B-80E7-4A5B-9198-9411AEF4BC2E}
		{BE33B414-F16D-4C30-BD0C-37AE857CF1C2} = {8E1E89E3-2E1C-4185-8F30-49D6B1E044C5}
		{4878943F-49EF-4860-AAE0-3E0287F7840D} = {5306AB48-5011-47B4-88A3-B4B7A0307250}
		{1012293B-1AAC-409B-9751-049CC1964872} = {5306AB48-5011-47B4-88A3-B4B7A0307250}
		{5A220461-7368-45FC-B23C-81218E2BFC1B} = {3E95711A-AD9C-4F6B-851B-4129B15CD83B}
		{F61C6896-3707-41B8-89C0-A3A4160AE6A7} = {3E95711A-AD9C-4F6B-851B-4129B15CD83B}
	EndGlobalSection
	GlobalSection(ExtensibilityGlobals) = postSolution
		SolutionGuid = {AC7F6F1D-299C-4A5A-BC7F-6AC97A9C14E0}
	EndGlobalSection
EndGlobal
